
Microsoft Visual Studio Solution File, Format Version 12.00
# Visual Studio Version 17
VisualStudioVersion = 17.0.32002.185
MinimumVisualStudioVersion = 10.0.40219.1
Project("{FAE04EC0-301F-11D3-BF4B-00C04F79EFBC}") = "FinalSolutionForUC11ToUC14", "FinalSolutionForUC11ToUC14\FinalSolutionForUC11ToUC14.csproj", "{7570BF02-CE7E-4A45-967D-9C27C6B92981}"
EndProject
Global
	GlobalSection(SolutionConfigurationPlatforms) = preSolution
		Debug|Any CPU = Debug|Any CPU
		Release|Any CPU = Release|Any CPU
	EndGlobalSection
	GlobalSection(ProjectConfigurationPlatforms) = postSolution
		{7570BF02-CE7E-4A45-967D-9C27C6B92981}.Debug|Any CPU.ActiveCfg = Debug|Any CPU
		{7570BF02-CE7E-4A45-967D-9C27C6B92981}.Debug|Any CPU.Build.0 = Debug|Any CPU
		{7570BF02-CE7E-4A45-967D-9C27C6B92981}.Release|Any CPU.ActiveCfg = Release|Any CPU
		{7570BF02-CE7E-4A45-967D-9C27C6B92981}.Release|Any CPU.Build.0 = Release|Any CPU
	EndGlobalSection
	GlobalSection(SolutionProperties) = preSolution
		HideSolutionNode = FALSE
	EndGlobalSection
	GlobalSection(ExtensibilityGlobals) = postSolution
		SolutionGuid = {E7D62FC4-5F0A-4869-9686-47B2B6D5F686}
	EndGlobalSection
EndGlobal
