
Microsoft Visual Studio Solution File, Format Version 12.00
# Visual Studio Version 17
VisualStudioVersion = 17.0.32002.185
MinimumVisualStudioVersion = 10.0.40219.1
Project("{FAE04EC0-301F-11D3-BF4B-00C04F79EFBC}") = "uc8_EmpWageForMultipleCompanies", "uc8_EmpWageForMultipleCompanies\uc8_EmpWageForMultipleCompanies.csproj", "{280C969F-D866-498F-B144-BB7EC05ADB73}"
EndProject
Global
	GlobalSection(SolutionConfigurationPlatforms) = preSolution
		Debug|Any CPU = Debug|Any CPU
		Release|Any CPU = Release|Any CPU
	EndGlobalSection
	GlobalSection(ProjectConfigurationPlatforms) = postSolution
		{280C969F-D866-498F-B144-BB7EC05ADB73}.Debug|Any CPU.ActiveCfg = Debug|Any CPU
		{280C969F-D866-498F-B144-BB7EC05ADB73}.Debug|Any CPU.Build.0 = Debug|Any CPU
		{280C969F-D866-498F-B144-BB7EC05ADB73}.Release|Any CPU.ActiveCfg = Release|Any CPU
		{280C969F-D866-498F-B144-BB7EC05ADB73}.Release|Any CPU.Build.0 = Release|Any CPU
	EndGlobalSection
	GlobalSection(SolutionProperties) = preSolution
		HideSolutionNode = FALSE
	EndGlobalSection
	GlobalSection(ExtensibilityGlobals) = postSolution
		SolutionGuid = {84D6D490-5A94-4C48-9291-B75935D6142E}
	EndGlobalSection
EndGlobal
