
Microsoft Visual Studio Solution File, Format Version 12.00
# Visual Studio Version 17
VisualStudioVersion = 17.0.32002.185
MinimumVisualStudioVersion = 10.0.40219.1
Project("{FAE04EC0-301F-11D3-BF4B-00C04F79EFBC}") = "uc10_ManageEmpWageForMulCompanies", "uc10_ManageEmpWageForMulCompanies\uc10_ManageEmpWageForMulCompanies.csproj", "{A5F61112-DA3E-41BF-A0F5-D5B38B715DBD}"
EndProject
Global
	GlobalSection(SolutionConfigurationPlatforms) = preSolution
		Debug|Any CPU = Debug|Any CPU
		Release|Any CPU = Release|Any CPU
	EndGlobalSection
	GlobalSection(ProjectConfigurationPlatforms) = postSolution
		{A5F61112-DA3E-41BF-A0F5-D5B38B715DBD}.Debug|Any CPU.ActiveCfg = Debug|Any CPU
		{A5F61112-DA3E-41BF-A0F5-D5B38B715DBD}.Debug|Any CPU.Build.0 = Debug|Any CPU
		{A5F61112-DA3E-41BF-A0F5-D5B38B715DBD}.Release|Any CPU.ActiveCfg = Release|Any CPU
		{A5F61112-DA3E-41BF-A0F5-D5B38B715DBD}.Release|Any CPU.Build.0 = Release|Any CPU
	EndGlobalSection
	GlobalSection(SolutionProperties) = preSolution
		HideSolutionNode = FALSE
	EndGlobalSection
	GlobalSection(ExtensibilityGlobals) = postSolution
		SolutionGuid = {17F3D205-A3C7-4891-945A-036939EF4516}
	EndGlobalSection
EndGlobal
