
Microsoft Visual Studio Solution File, Format Version 12.00
# Visual Studio Version 17
VisualStudioVersion = 17.0.32002.185
MinimumVisualStudioVersion = 10.0.40219.1
Project("{FAE04EC0-301F-11D3-BF4B-00C04F79EFBC}") = "uc2EmpWage", "uc2EmpWage\uc2EmpWage.csproj", "{50754F0D-D784-485B-B128-2899B3919E6D}"
EndProject
Global
	GlobalSection(SolutionConfigurationPlatforms) = preSolution
		Debug|Any CPU = Debug|Any CPU
		Release|Any CPU = Release|Any CPU
	EndGlobalSection
	GlobalSection(ProjectConfigurationPlatforms) = postSolution
		{50754F0D-D784-485B-B128-2899B3919E6D}.Debug|Any CPU.ActiveCfg = Debug|Any CPU
		{50754F0D-D784-485B-B128-2899B3919E6D}.Debug|Any CPU.Build.0 = Debug|Any CPU
		{50754F0D-D784-485B-B128-2899B3919E6D}.Release|Any CPU.ActiveCfg = Release|Any CPU
		{50754F0D-D784-485B-B128-2899B3919E6D}.Release|Any CPU.Build.0 = Release|Any CPU
	EndGlobalSection
	GlobalSection(SolutionProperties) = preSolution
		HideSolutionNode = FALSE
	EndGlobalSection
	GlobalSection(ExtensibilityGlobals) = postSolution
		SolutionGuid = {5D947F95-41C5-45F1-A529-EB7B880A4F03}
	EndGlobalSection
EndGlobal
