
Microsoft Visual Studio Solution File, Format Version 12.00
# Visual Studio Version 17
VisualStudioVersion = 17.0.32002.185
MinimumVisualStudioVersion = 10.0.40219.1
Project("{FAE04EC0-301F-11D3-BF4B-00C04F79EFBC}") = "uc3_PT_Emp_Wage", "uc3_PT_Emp_Wage\uc3_PT_Emp_Wage.csproj", "{C10C1349-BF04-4187-B989-BAF95699824D}"
EndProject
Global
	GlobalSection(SolutionConfigurationPlatforms) = preSolution
		Debug|Any CPU = Debug|Any CPU
		Release|Any CPU = Release|Any CPU
	EndGlobalSection
	GlobalSection(ProjectConfigurationPlatforms) = postSolution
		{C10C1349-BF04-4187-B989-BAF95699824D}.Debug|Any CPU.ActiveCfg = Debug|Any CPU
		{C10C1349-BF04-4187-B989-BAF95699824D}.Debug|Any CPU.Build.0 = Debug|Any CPU
		{C10C1349-BF04-4187-B989-BAF95699824D}.Release|Any CPU.ActiveCfg = Release|Any CPU
		{C10C1349-BF04-4187-B989-BAF95699824D}.Release|Any CPU.Build.0 = Release|Any CPU
	EndGlobalSection
	GlobalSection(SolutionProperties) = preSolution
		HideSolutionNode = FALSE
	EndGlobalSection
	GlobalSection(ExtensibilityGlobals) = postSolution
		SolutionGuid = {7E72E900-8784-4903-829C-49FDDC7934D9}
	EndGlobalSection
EndGlobal
